// !$*UTF8*$!
{
	archiveVersion = 1;
	classes = {
	};
	objectVersion = 56;
	objects = {

/* Begin PBXBuildFile section */
		A1000000000000000000001C /* x68drvApp.swift in Sources */ = {isa = PBXBuildFile; fileRef = A10000000000000000000010 /* x68drvApp.swift */; };
		A1000000000000000000001D /* SettingsView.swift in Sources */ = {isa = PBXBuildFile; fileRef = A10000000000000000000011 /* SettingsView.swift */; };
		A1000000000000000000001E /* MenuBarView.swift in Sources */ = {isa = PBXBuildFile; fileRef = A10000000000000000000012 /* MenuBarView.swift */; };
		A1000000000000000000001F /* Assets.xcassets in Resources */ = {isa = PBXBuildFile; fileRef = A10000000000000000000013 /* Assets.xcassets */; };
		A10000000000000000000022 /* X68Core in Frameworks */ = {isa = PBXBuildFile; productRef = A10000000000000000000021 /* X68Core */; };
		A10000000000000000000031 /* AppModel.swift in Sources */ = {isa = PBXBuildFile; fileRef = A10000000000000000000030 /* AppModel.swift */; };
		A10000000000000000000033 /* AppDelegate.swift in Sources */ = {isa = PBXBuildFile; fileRef = A10000000000000000000032 /* AppDelegate.swift */; };
		A10000000000000000000035 /* LoginItemService.swift in Sources */ = {isa = PBXBuildFile; fileRef = A10000000000000000000034 /* LoginItemService.swift */; };
/* End PBXBuildFile section */

/* Begin PBXFileReference section */
		A10000000000000000000010 /* x68drvApp.swift */ = {isa = PBXFileReference; lastKnownFileType = sourcecode.swift; path = x68drvApp.swift; sourceTree = "<group>"; };
		A10000000000000000000011 /* SettingsView.swift */ = {isa = PBXFileReference; lastKnownFileType = sourcecode.swift; path = SettingsView.swift; sourceTree = "<group>"; };
		A10000000000000000000012 /* MenuBarView.swift */ = {isa = PBXFileReference; lastKnownFileType = sourcecode.swift; path = MenuBarView.swift; sourceTree = "<group>"; };
		A10000000000000000000013 /* Assets.xcassets */ = {isa = PBXFileReference; lastKnownFileType = folder.assetcatalog; path = Assets.xcassets; sourceTree = "<group>"; };
		A10000000000000000000014 /* Info.plist */ = {isa = PBXFileReference; lastKnownFileType = text.plist.xml; path = Info.plist; sourceTree = "<group>"; };
		A10000000000000000000015 /* x68drv.app */ = {isa = PBXFileReference; explicitFileType = wrapper.application; includeInIndex = 0; path = x68drv.app; sourceTree = BUILT_PRODUCTS_DIR; };
		A10000000000000000000030 /* AppModel.swift */ = {isa = PBXFileReference; lastKnownFileType = sourcecode.swift; path = AppModel.swift; sourceTree = "<group>"; };
		A10000000000000000000032 /* AppDelegate.swift */ = {isa = PBXFileReference; lastKnownFileType = sourcecode.swift; path = AppDelegate.swift; sourceTree = "<group>"; };
		A10000000000000000000034 /* LoginItemService.swift */ = {isa = PBXFileReference; lastKnownFileType = sourcecode.swift; path = LoginItemService.swift; sourceTree = "<group>"; };
/* End PBXFileReference section */

/* Begin PBXFrameworksBuildPhase section */
		A10000000000000000000004 /* Frameworks */ = {
			isa = PBXFrameworksBuildPhase;
			buildActionMask = 2147483647;
			files = (
				A10000000000000000000022 /* X68Core in Frameworks */,
			);
			runOnlyForDeploymentPostprocessing = 0;
		};
/* End PBXFrameworksBuildPhase section */

/* Begin PBXGroup section */
		A10000000000000000000006 = {
			isa = PBXGroup;
			children = (
				A10000000000000000000007 /* Apps */,
				A10000000000000000000009 /* Products */,
			);
			sourceTree = "<group>";
		};
		A10000000000000000000007 /* Apps */ = {
			isa = PBXGroup;
			children = (
				A10000000000000000000008 /* x68drv */,
			);
			path = Apps;
			sourceTree = "<group>";
		};
		A10000000000000000000008 /* x68drv */ = {
			isa = PBXGroup;
			children = (
				A10000000000000000000010 /* x68drvApp.swift */,
				A10000000000000000000011 /* SettingsView.swift */,
				A10000000000000000000012 /* MenuBarView.swift */,
				A10000000000000000000030 /* AppModel.swift */,
				A10000000000000000000032 /* AppDelegate.swift */,
				A10000000000000000000034 /* LoginItemService.swift */,
				A10000000000000000000013 /* Assets.xcassets */,
				A10000000000000000000014 /* Info.plist */,
			);
			path = x68drv;
			sourceTree = "<group>";
		};
		A10000000000000000000009 /* Products */ = {
			isa = PBXGroup;
			children = (
				A10000000000000000000015 /* x68drv.app */,
			);
			name = Products;
			sourceTree = "<group>";
		};
/* End PBXGroup section */

/* Begin PBXNativeTarget section */
		A10000000000000000000002 /* x68drv */ = {
			isa = PBXNativeTarget;
			buildConfigurationList = A10000000000000000000017 /* Build configuration list for PBXNativeTarget "x68drv" */;
			buildPhases = (
				A10000000000000000000003 /* Sources */,
				A10000000000000000000004 /* Frameworks */,
				A10000000000000000000005 /* Resources */,
				A10000000000000000000040 /* Embed x68mount-helper */,
			);
			buildRules = (
			);
			dependencies = (
			);
			name = x68drv;
			packageProductDependencies = (
				A10000000000000000000021 /* X68Core */,
			);
			productName = x68drv;
			productReference = A10000000000000000000015 /* x68drv.app */;
			productType = "com.apple.product-type.application";
		};
/* End PBXNativeTarget section */

/* Begin PBXShellScriptBuildPhase section */
		A10000000000000000000040 /* Embed x68mount-helper */ = {
			isa = PBXShellScriptBuildPhase;
			alwaysOutOfDate = 1;
			buildActionMask = 2147483647;
			files = (
			);
			inputFileListPaths = (
			);
			inputPaths = (
			);
			name = "Embed x68mount-helper";
			outputFileListPaths = (
			);
			outputPaths = (
				"$(TARGET_BUILD_DIR)/$(CONTENTS_FOLDER_PATH)/Helpers/x68mount-helper",
			);
			runOnlyForDeploymentPostprocessing = 0;
			shellPath = /bin/sh;
			shellScript = "set -e\ncd \"${SRCROOT}\"\nCONFIG_FLAG=\"debug\"\nif [ \"${CONFIGURATION}\" = \"Release\" ]; then\n  CONFIG_FLAG=\"release\"\nfi\n/usr/bin/xcrun --sdk macosx swift build --product x68mount-helper -c \"${CONFIG_FLAG}\"\nHELPER_SRC=\"\"\nfor cand in \\\n  \".build/${CONFIG_FLAG}/x68mount-helper\" \\\n  \".build/arm64-apple-macosx/${CONFIG_FLAG}/x68mount-helper\" \\\n  \".build/x86_64-apple-macosx/${CONFIG_FLAG}/x68mount-helper\"\ndo\n  if [ -x \"${cand}\" ]; then\n    HELPER_SRC=\"${cand}\"\n    break\n  fi\ndone\nif [ -z \"${HELPER_SRC}\" ]; then\n  echo \"error: x68mount-helper not found after swift build\" >&2\n  exit 1\nfi\nHELPER_DIR=\"${TARGET_BUILD_DIR}/${CONTENTS_FOLDER_PATH}/Helpers\"\nmkdir -p \"${HELPER_DIR}\"\ncp -f \"${HELPER_SRC}\" \"${HELPER_DIR}/x68mount-helper\"\nchmod +x \"${HELPER_DIR}/x68mount-helper\"\nENT=\"${SRCROOT}/Apps/x68drv/x68mount-helper.entitlements\"\n# Prefer the target's identity (Developer ID / Apple Development); fall back to ad-hoc for local Run.\nID=\"${EXPANDED_CODE_SIGN_IDENTITY:-}\"\nif [ -z \"${ID}\" ] || [ \"${ID}\" = \"-\" ]; then\n  ID=\"${CODE_SIGN_IDENTITY:-}\"\nfi\nif [ -n \"${ID}\" ] && [ \"${ID}\" != \"-\" ] && [ \"${ID}\" != \"Sign to Run Locally\" ]; then\n  codesign --force --options runtime --timestamp --entitlements \"${ENT}\" --sign \"${ID}\" \"${HELPER_DIR}/x68mount-helper\" || \\\n    codesign --force --options runtime --timestamp=none --entitlements \"${ENT}\" --sign \"${ID}\" \"${HELPER_DIR}/x68mount-helper\" || true\nelse\n  codesign --force --sign - --timestamp=none --entitlements \"${ENT}\" \"${HELPER_DIR}/x68mount-helper\" || true\nfi\necho \"Embedded ${HELPER_SRC} -> ${HELPER_DIR}/x68mount-helper (sign identity: ${ID:--})\"\n";
			showEnvVarsInLog = 0;
		};
/* End PBXShellScriptBuildPhase section */

/* Begin PBXProject section */
		A10000000000000000000001 /* Project object */ = {
			isa = PBXProject;
			attributes = {
				BuildIndependentTargetsInParallel = 1;
				LastSwiftUpdateCheck = 1600;
				LastUpgradeCheck = 1600;
				TargetAttributes = {
					A10000000000000000000002 = {
						CreatedOnToolsVersion = 16.0;
					};
				};
			};
			buildConfigurationList = A10000000000000000000016 /* Build configuration list for PBXProject "x68drv" */;
			compatibilityVersion = "Xcode 14.0";
			developmentRegion = en;
			hasScannedForEncodings = 0;
			knownRegions = (
				en,
				Base,
			);
			mainGroup = A10000000000000000000006;
			packageReferences = (
				A10000000000000000000020 /* XCLocalSwiftPackageReference "." */,
			);
			productRefGroup = A10000000000000000000009 /* Products */;
			projectDirPath = "";
			projectRoot = "";
			targets = (
				A10000000000000000000002 /* x68drv */,
			);
		};
/* End PBXProject section */

/* Begin PBXResourcesBuildPhase section */
		A10000000000000000000005 /* Resources */ = {
			isa = PBXResourcesBuildPhase;
			buildActionMask = 2147483647;
			files = (
				A1000000000000000000001F /* Assets.xcassets in Resources */,
			);
			runOnlyForDeploymentPostprocessing = 0;
		};
/* End PBXResourcesBuildPhase section */

/* Begin PBXSourcesBuildPhase section */
		A10000000000000000000003 /* Sources */ = {
			isa = PBXSourcesBuildPhase;
			buildActionMask = 2147483647;
			files = (
				A1000000000000000000001C /* x68drvApp.swift in Sources */,
				A1000000000000000000001D /* SettingsView.swift in Sources */,
				A1000000000000000000001E /* MenuBarView.swift in Sources */,
				A10000000000000000000031 /* AppModel.swift in Sources */,
				A10000000000000000000033 /* AppDelegate.swift in Sources */,
				A10000000000000000000035 /* LoginItemService.swift in Sources */,
			);
			runOnlyForDeploymentPostprocessing = 0;
		};
/* End PBXSourcesBuildPhase section */

/* Begin XCBuildConfiguration section */
		A10000000000000000000018 /* Debug */ = {
			isa = XCBuildConfiguration;
			buildSettings = {
				ALWAYS_SEARCH_USER_PATHS = NO;
				CLANG_ENABLE_MODULES = YES;
				CLANG_ENABLE_OBJC_ARC = YES;
				COPY_PHASE_STRIP = NO;
				DEBUG_INFORMATION_FORMAT = dwarf;
				ENABLE_TESTABILITY = YES;
				GCC_DYNAMIC_NO_PIC = NO;
				MACOSX_DEPLOYMENT_TARGET = 13.0;
				ONLY_ACTIVE_ARCH = YES;
				SDKROOT = macosx;
				SWIFT_ACTIVE_COMPILATION_CONDITIONS = "DEBUG $(inherited)";
				SWIFT_OPTIMIZATION_LEVEL = "-Onone";
			};
			name = Debug;
		};
		A10000000000000000000019 /* Release */ = {
			isa = XCBuildConfiguration;
			buildSettings = {
				ALWAYS_SEARCH_USER_PATHS = NO;
				CLANG_ENABLE_MODULES = YES;
				CLANG_ENABLE_OBJC_ARC = YES;
				COPY_PHASE_STRIP = NO;
				DEBUG_INFORMATION_FORMAT = "dwarf-with-dsym";
				MACOSX_DEPLOYMENT_TARGET = 13.0;
				SDKROOT = macosx;
				SWIFT_COMPILATION_MODE = wholemodule;
			};
			name = Release;
		};
		A1000000000000000000001A /* Debug */ = {
			isa = XCBuildConfiguration;
			buildSettings = {
				ASSETCATALOG_COMPILER_APPICON_NAME = AppIcon;
				CODE_SIGN_ENTITLEMENTS = Apps/x68drv/x68drv.entitlements;
				CODE_SIGN_STYLE = Automatic;
				COMBINE_HIDPI_IMAGES = YES;
				CURRENT_PROJECT_VERSION = 3;
				ENABLE_APP_SANDBOX = NO;
				ENABLE_HARDENED_RUNTIME = YES;
				GENERATE_INFOPLIST_FILE = NO;
				INFOPLIST_FILE = Apps/x68drv/Info.plist;
				LD_RUNPATH_SEARCH_PATHS = (
					"$(inherited)",
					"@executable_path/../Frameworks",
				);
				MARKETING_VERSION = 0.1.2;
				PRODUCT_BUNDLE_IDENTIFIER = "tokyo.studio-r.x68drv";
				PRODUCT_NAME = "$(TARGET_NAME)";
				SWIFT_EMIT_LOC_STRINGS = YES;
				SWIFT_VERSION = 5.0;
			};
			name = Debug;
		};
		A1000000000000000000001B /* Release */ = {
			isa = XCBuildConfiguration;
			buildSettings = {
				ASSETCATALOG_COMPILER_APPICON_NAME = AppIcon;
				CODE_SIGN_ENTITLEMENTS = Apps/x68drv/x68drv.entitlements;
				CODE_SIGN_STYLE = Automatic;
				COMBINE_HIDPI_IMAGES = YES;
				CURRENT_PROJECT_VERSION = 3;
				ENABLE_APP_SANDBOX = NO;
				ENABLE_HARDENED_RUNTIME = YES;
				GENERATE_INFOPLIST_FILE = NO;
				INFOPLIST_FILE = Apps/x68drv/Info.plist;
				LD_RUNPATH_SEARCH_PATHS = (
					"$(inherited)",
					"@executable_path/../Frameworks",
				);
				MARKETING_VERSION = 0.1.2;
				PRODUCT_BUNDLE_IDENTIFIER = "tokyo.studio-r.x68drv";
				PRODUCT_NAME = "$(TARGET_NAME)";
				SWIFT_EMIT_LOC_STRINGS = YES;
				SWIFT_VERSION = 5.0;
			};
			name = Release;
		};
/* End XCBuildConfiguration section */

/* Begin XCConfigurationList section */
		A10000000000000000000016 /* Build configuration list for PBXProject "x68drv" */ = {
			isa = XCConfigurationList;
			buildConfigurations = (
				A10000000000000000000018 /* Debug */,
				A10000000000000000000019 /* Release */,
			);
			defaultConfigurationIsVisible = 0;
			defaultConfigurationName = Release;
		};
		A10000000000000000000017 /* Build configuration list for PBXNativeTarget "x68drv" */ = {
			isa = XCConfigurationList;
			buildConfigurations = (
				A1000000000000000000001A /* Debug */,
				A1000000000000000000001B /* Release */,
			);
			defaultConfigurationIsVisible = 0;
			defaultConfigurationName = Release;
		};
/* End XCConfigurationList section */

/* Begin XCLocalSwiftPackageReference section */
		A10000000000000000000020 /* XCLocalSwiftPackageReference "." */ = {
			isa = XCLocalSwiftPackageReference;
			relativePath = .;
		};
/* End XCLocalSwiftPackageReference section */

/* Begin XCSwiftPackageProductDependency section */
		A10000000000000000000021 /* X68Core */ = {
			isa = XCSwiftPackageProductDependency;
			productName = X68Core;
		};
/* End XCSwiftPackageProductDependency section */
	};
	rootObject = A10000000000000000000001 /* Project object */;
}
